// !$*UTF8*$!
{
	archiveVersion = 1;
	classes = {
	};
	objectVersion = 55;
	objects = {

/* Begin PBXBuildFile section */
		83041A212857F9630077D733 /* AppDelegate.swift in Sources */ = {isa = PBXBuildFile; fileRef = 83041A202857F9630077D733 /* AppDelegate.swift */; };
		83041A232857F9630077D733 /* SceneDelegate.swift in Sources */ = {isa = PBXBuildFile; fileRef = 83041A222857F9630077D733 /* SceneDelegate.swift */; };
		83041A252857F9630077D733 /* MainViewController.swift in Sources */ = {isa = PBXBuildFile; fileRef = 83041A242857F9630077D733 /* MainViewController.swift */; };
		83041A2A2857F9650077D733 /* Assets.xcassets in Resources */ = {isa = PBXBuildFile; fileRef = 83041A292857F9650077D733 /* Assets.xcassets */; };
		83041A2D2857F9650077D733 /* LaunchScreen.storyboard in Resources */ = {isa = PBXBuildFile; fileRef = 83041A2B2857F9650077D733 /* LaunchScreen.storyboard */; };
		83041A382857F9650077D733 /* MVP_SOLID_Unit_Tests_DITests.swift in Sources */ = {isa = PBXBuildFile; fileRef = 83041A372857F9650077D733 /* MVP_SOLID_Unit_Tests_DITests.swift */; };
		83041A422857F9660077D733 /* MVP_SOLID_Unit_Tests_DIUITests.swift in Sources */ = {isa = PBXBuildFile; fileRef = 83041A412857F9660077D733 /* MVP_SOLID_Unit_Tests_DIUITests.swift */; };
		83041A442857F9660077D733 /* MVP_SOLID_Unit_Tests_DIUITestsLaunchTests.swift in Sources */ = {isa = PBXBuildFile; fileRef = 83041A432857F9660077D733 /* MVP_SOLID_Unit_Tests_DIUITestsLaunchTests.swift */; };
		83041A512857F9BE0077D733 /* Comment.swift in Sources */ = {isa = PBXBuildFile; fileRef = 83041A502857F9BE0077D733 /* Comment.swift */; };
		83041A542857FA260077D733 /* MainPresenter.swift in Sources */ = {isa = PBXBuildFile; fileRef = 83041A532857FA260077D733 /* MainPresenter.swift */; };
		83041A592858024C0077D733 /* MainViewController.xib in Resources */ = {isa = PBXBuildFile; fileRef = 83041A582858024C0077D733 /* MainViewController.xib */; };
		83041A5B285803A90077D733 /* AssemblyModuleBuilder.swift in Sources */ = {isa = PBXBuildFile; fileRef = 83041A5A285803A90077D733 /* AssemblyModuleBuilder.swift */; };
		83041A5D285809180077D733 /* MainPresenterTest.swift in Sources */ = {isa = PBXBuildFile; fileRef = 83041A5C285809170077D733 /* MainPresenterTest.swift */; };
		831F9FFB285AF5D500FCEAB7 /* RouterMain.swift in Sources */ = {isa = PBXBuildFile; fileRef = 831F9FFA285AF5D500FCEAB7 /* RouterMain.swift */; };
		8350CF7628597F8B00D9BF67 /* NetworkService.swift in Sources */ = {isa = PBXBuildFile; fileRef = 8350CF7528597F8B00D9BF67 /* NetworkService.swift */; };
		8350CF792859D4A500D9BF67 /* DetailPresenter.swift in Sources */ = {isa = PBXBuildFile; fileRef = 8350CF782859D4A500D9BF67 /* DetailPresenter.swift */; };
		8350CF7D2859D74300D9BF67 /* DetailView.xib in Resources */ = {isa = PBXBuildFile; fileRef = 8350CF7C2859D74300D9BF67 /* DetailView.xib */; };
		8350CF7F2859D76600D9BF67 /* DetailViewController.swift in Sources */ = {isa = PBXBuildFile; fileRef = 8350CF7E2859D76600D9BF67 /* DetailViewController.swift */; };
		838F6CB428613FD500670048 /* RouterTest.swift in Sources */ = {isa = PBXBuildFile; fileRef = 838F6CB328613FD500670048 /* RouterTest.swift */; };
		83C8378F285A874D00A8166B /* Main.storyboard in Resources */ = {isa = PBXBuildFile; fileRef = 83C8378D285A874D00A8166B /* Main.storyboard */; };
/* End PBXBuildFile section */

/* Begin PBXContainerItemProxy section */
		83041A342857F9650077D733 /* PBXContainerItemProxy */ = {
			isa = PBXContainerItemProxy;
			containerPortal = 83041A152857F9630077D733 /* Project object */;
			proxyType = 1;
			remoteGlobalIDString = 83041A1C2857F9630077D733;
			remoteInfo = "MVP+SOLID+Unit_Tests+DI";
		};
		83041A3E2857F9660077D733 /* PBXContainerItemProxy */ = {
			isa = PBXContainerItemProxy;
			containerPortal = 83041A152857F9630077D733 /* Project object */;
			proxyType = 1;
			remoteGlobalIDString = 83041A1C2857F9630077D733;
			remoteInfo = "MVP+SOLID+Unit_Tests+DI";
		};
/* End PBXContainerItemProxy section */

/* Begin PBXFileReference section */
		83041A1D2857F9630077D733 /* MVP+SOLID+Unit_Tests+DI.app */ = {isa = PBXFileReference; explicitFileType = wrapper.application; includeInIndex = 0; path = "MVP+SOLID+Unit_Tests+DI.app"; sourceTree = BUILT_PRODUCTS_DIR; };
		83041A202857F9630077D733 /* AppDelegate.swift */ = {isa = PBXFileReference; lastKnownFileType = sourcecode.swift; path = AppDelegate.swift; sourceTree = "<group>"; };
		83041A222857F9630077D733 /* SceneDelegate.swift */ = {isa = PBXFileReference; lastKnownFileType = sourcecode.swift; path = SceneDelegate.swift; sourceTree = "<group>"; };
		83041A242857F9630077D733 /* MainViewController.swift */ = {isa = PBXFileReference; lastKnownFileType = sourcecode.swift; path = MainViewController.swift; sourceTree = "<group>"; };
		83041A292857F9650077D733 /* Assets.xcassets */ = {isa = PBXFileReference; lastKnownFileType = folder.assetcatalog; path = Assets.xcassets; sourceTree = "<group>"; };
		83041A2C2857F9650077D733 /* Base */ = {isa = PBXFileReference; lastKnownFileType = file.storyboard; name = Base; path = Base.lproj/LaunchScreen.storyboard; sourceTree = "<group>"; };
		83041A2E2857F9650077D733 /* Info.plist */ = {isa = PBXFileReference; lastKnownFileType = text.plist.xml; path = Info.plist; sourceTree = "<group>"; };
		83041A332857F9650077D733 /* MVP+SOLID+Unit_Tests+DITests.xctest */ = {isa = PBXFileReference; explicitFileType = wrapper.cfbundle; includeInIndex = 0; path = "MVP+SOLID+Unit_Tests+DITests.xctest"; sourceTree = BUILT_PRODUCTS_DIR; };
		83041A372857F9650077D733 /* MVP_SOLID_Unit_Tests_DITests.swift */ = {isa = PBXFileReference; lastKnownFileType = sourcecode.swift; path = MVP_SOLID_Unit_Tests_DITests.swift; sourceTree = "<group>"; };
		83041A3D2857F9660077D733 /* MVP+SOLID+Unit_Tests+DIUITests.xctest */ = {isa = PBXFileReference; explicitFileType = wrapper.cfbundle; includeInIndex = 0; path = "MVP+SOLID+Unit_Tests+DIUITests.xctest"; sourceTree = BUILT_PRODUCTS_DIR; };
		83041A412857F9660077D733 /* MVP_SOLID_Unit_Tests_DIUITests.swift */ = {isa = PBXFileReference; lastKnownFileType = sourcecode.swift; path = MVP_SOLID_Unit_Tests_DIUITests.swift; sourceTree = "<group>"; };
		83041A432857F9660077D733 /* MVP_SOLID_Unit_Tests_DIUITestsLaunchTests.swift */ = {isa = PBXFileReference; lastKnownFileType = sourcecode.swift; path = MVP_SOLID_Unit_Tests_DIUITestsLaunchTests.swift; sourceTree = "<group>"; };
		83041A502857F9BE0077D733 /* Comment.swift */ = {isa = PBXFileReference; lastKnownFileType = sourcecode.swift; path = Comment.swift; sourceTree = "<group>"; };
		83041A532857FA260077D733 /* MainPresenter.swift */ = {isa = PBXFileReference; lastKnownFileType = sourcecode.swift; path = MainPresenter.swift; sourceTree = "<group>"; };
		83041A582858024C0077D733 /* MainViewController.xib */ = {isa = PBXFileReference; lastKnownFileType = file.xib; path = MainViewController.xib; sourceTree = "<group>"; };
		83041A5A285803A90077D733 /* AssemblyModuleBuilder.swift */ = {isa = PBXFileReference; lastKnownFileType = sourcecode.swift; path = AssemblyModuleBuilder.swift; sourceTree = "<group>"; };
		83041A5C285809170077D733 /* MainPresenterTest.swift */ = {isa = PBXFileReference; lastKnownFileType = sourcecode.swift; path = MainPresenterTest.swift; sourceTree = "<group>"; };
		831F9FFA285AF5D500FCEAB7 /* RouterMain.swift */ = {isa = PBXFileReference; lastKnownFileType = sourcecode.swift; path = RouterMain.swift; sourceTree = "<group>"; };
		8350CF7528597F8B00D9BF67 /* NetworkService.swift */ = {isa = PBXFileReference; lastKnownFileType = sourcecode.swift; path = NetworkService.swift; sourceTree = "<group>"; };
		8350CF782859D4A500D9BF67 /* DetailPresenter.swift */ = {isa = PBXFileReference; lastKnownFileType = sourcecode.swift; path = DetailPresenter.swift; sourceTree = "<group>"; };
		8350CF7C2859D74300D9BF67 /* DetailView.xib */ = {isa = PBXFileReference; lastKnownFileType = file.xib; path = DetailView.xib; sourceTree = "<group>"; };
		8350CF7E2859D76600D9BF67 /* DetailViewController.swift */ = {isa = PBXFileReference; lastKnownFileType = sourcecode.swift; path = DetailViewController.swift; sourceTree = "<group>"; };
		838F6CB328613FD500670048 /* RouterTest.swift */ = {isa = PBXFileReference; lastKnownFileType = sourcecode.swift; name = RouterTest.swift; path = "MVP+SOLID+Unit_Tests+DITests/RouterTest.swift"; sourceTree = SOURCE_ROOT; };
		83C8378E285A874D00A8166B /* Base */ = {isa = PBXFileReference; lastKnownFileType = file.storyboard; name = Base; path = Base.lproj/Main.storyboard; sourceTree = "<group>"; };
/* End PBXFileReference section */

/* Begin PBXFrameworksBuildPhase section */
		83041A1A2857F9630077D733 /* Frameworks */ = {
			isa = PBXFrameworksBuildPhase;
			buildActionMask = 2147483647;
			files = (
			);
			runOnlyForDeploymentPostprocessing = 0;
		};
		83041A302857F9650077D733 /* Frameworks */ = {
			isa = PBXFrameworksBuildPhase;
			buildActionMask = 2147483647;
			files = (
			);
			runOnlyForDeploymentPostprocessing = 0;
		};
		83041A3A2857F9660077D733 /* Frameworks */ = {
			isa = PBXFrameworksBuildPhase;
			buildActionMask = 2147483647;
			files = (
			);
			runOnlyForDeploymentPostprocessing = 0;
		};
/* End PBXFrameworksBuildPhase section */

/* Begin PBXGroup section */
		83041A142857F9630077D733 = {
			isa = PBXGroup;
			children = (
				83041A1F2857F9630077D733 /* MVP+SOLID+Unit_Tests+DI */,
				83041A362857F9650077D733 /* MVP+SOLID+Unit_Tests+DITests */,
				83041A402857F9660077D733 /* MVP+SOLID+Unit_Tests+DIUITests */,
				83041A1E2857F9630077D733 /* Products */,
			);
			sourceTree = "<group>";
		};
		83041A1E2857F9630077D733 /* Products */ = {
			isa = PBXGroup;
			children = (
				83041A1D2857F9630077D733 /* MVP+SOLID+Unit_Tests+DI.app */,
				83041A332857F9650077D733 /* MVP+SOLID+Unit_Tests+DITests.xctest */,
				83041A3D2857F9660077D733 /* MVP+SOLID+Unit_Tests+DIUITests.xctest */,
			);
			name = Products;
			sourceTree = "<group>";
		};
		83041A1F2857F9630077D733 /* MVP+SOLID+Unit_Tests+DI */ = {
			isa = PBXGroup;
			children = (
				83041A5A285803A90077D733 /* AssemblyModuleBuilder.swift */,
				831F9FFA285AF5D500FCEAB7 /* RouterMain.swift */,
				8350CF7B2859D6EC00D9BF67 /* Detail Module */,
				83041A55285801A40077D733 /* Main Module */,
				8350CF7728597FAC00D9BF67 /* Service Layer */,
				83041A202857F9630077D733 /* AppDelegate.swift */,
				83041A222857F9630077D733 /* SceneDelegate.swift */,
				83041A292857F9650077D733 /* Assets.xcassets */,
				83C8378D285A874D00A8166B /* Main.storyboard */,
				83041A2B2857F9650077D733 /* LaunchScreen.storyboard */,
				83041A2E2857F9650077D733 /* Info.plist */,
			);
			path = "MVP+SOLID+Unit_Tests+DI";
			sourceTree = "<group>";
		};
		83041A362857F9650077D733 /* MVP+SOLID+Unit_Tests+DITests */ = {
			isa = PBXGroup;
			children = (
				83041A5E285809370077D733 /* TestMainModule */,
				83041A372857F9650077D733 /* MVP_SOLID_Unit_Tests_DITests.swift */,
			);
			path = "MVP+SOLID+Unit_Tests+DITests";
			sourceTree = "<group>";
		};
		83041A402857F9660077D733 /* MVP+SOLID+Unit_Tests+DIUITests */ = {
			isa = PBXGroup;
			children = (
				83041A412857F9660077D733 /* MVP_SOLID_Unit_Tests_DIUITests.swift */,
				83041A432857F9660077D733 /* MVP_SOLID_Unit_Tests_DIUITestsLaunchTests.swift */,
			);
			path = "MVP+SOLID+Unit_Tests+DIUITests";
			sourceTree = "<group>";
		};
		83041A522857F9C90077D733 /* Model */ = {
			isa = PBXGroup;
			children = (
				83041A502857F9BE0077D733 /* Comment.swift */,
			);
			path = Model;
			sourceTree = "<group>";
		};
		83041A55285801A40077D733 /* Main Module */ = {
			isa = PBXGroup;
			children = (
				83041A57285801C70077D733 /* View */,
				83041A56285801BC0077D733 /* Presenter */,
				83041A522857F9C90077D733 /* Model */,
			);
			path = "Main Module";
			sourceTree = "<group>";
		};
		83041A56285801BC0077D733 /* Presenter */ = {
			isa = PBXGroup;
			children = (
				83041A532857FA260077D733 /* MainPresenter.swift */,
			);
			path = Presenter;
			sourceTree = "<group>";
		};
		83041A57285801C70077D733 /* View */ = {
			isa = PBXGroup;
			children = (
				83041A242857F9630077D733 /* MainViewController.swift */,
				83041A582858024C0077D733 /* MainViewController.xib */,
			);
			path = View;
			sourceTree = "<group>";
		};
		83041A5E285809370077D733 /* TestMainModule */ = {
			isa = PBXGroup;
			children = (
				83041A5C285809170077D733 /* MainPresenterTest.swift */,
				838F6CB328613FD500670048 /* RouterTest.swift */,
			);
			path = TestMainModule;
			sourceTree = "<group>";
		};
		8350CF7728597FAC00D9BF67 /* Service Layer */ = {
			isa = PBXGroup;
			children = (
				8350CF7528597F8B00D9BF67 /* NetworkService.swift */,
			);
			path = "Service Layer";
			sourceTree = "<group>";
		};
		8350CF7A2859D6E100D9BF67 /* Presenter */ = {
			isa = PBXGroup;
			children = (
				8350CF782859D4A500D9BF67 /* DetailPresenter.swift */,
			);
			path = Presenter;
			sourceTree = "<group>";
		};
		8350CF7B2859D6EC00D9BF67 /* Detail Module */ = {
			isa = PBXGroup;
			children = (
				8350CF802859D76D00D9BF67 /* View */,
				8350CF7A2859D6E100D9BF67 /* Presenter */,
			);
			path = "Detail Module";
			sourceTree = "<group>";
		};
		8350CF802859D76D00D9BF67 /* View */ = {
			isa = PBXGroup;
			children = (
				8350CF7C2859D74300D9BF67 /* DetailView.xib */,
				8350CF7E2859D76600D9BF67 /* DetailViewController.swift */,
			);
			path = View;
			sourceTree = "<group>";
		};
/* End PBXGroup section */

/* Begin PBXNativeTarget section */
		83041A1C2857F9630077D733 /* MVP+SOLID+Unit_Tests+DI */ = {
			isa = PBXNativeTarget;
			buildConfigurationList = 83041A472857F9660077D733 /* Build configuration list for PBXNativeTarget "MVP+SOLID+Unit_Tests+DI" */;
			buildPhases = (
				83041A192857F9630077D733 /* Sources */,
				83041A1A2857F9630077D733 /* Frameworks */,
				83041A1B2857F9630077D733 /* Resources */,
			);
			buildRules = (
			);
			dependencies = (
			);
			name = "MVP+SOLID+Unit_Tests+DI";
			productName = "MVP+SOLID+Unit_Tests+DI";
			productReference = 83041A1D2857F9630077D733 /* MVP+SOLID+Unit_Tests+DI.app */;
			productType = "com.apple.product-type.application";
		};
		83041A322857F9650077D733 /* MVP+SOLID+Unit_Tests+DITests */ = {
			isa = PBXNativeTarget;
			buildConfigurationList = 83041A4A2857F9660077D733 /* Build configuration list for PBXNativeTarget "MVP+SOLID+Unit_Tests+DITests" */;
			buildPhases = (
				83041A2F2857F9650077D733 /* Sources */,
				83041A302857F9650077D733 /* Frameworks */,
				83041A312857F9650077D733 /* Resources */,
			);
			buildRules = (
			);
			dependencies = (
				83041A352857F9650077D733 /* PBXTargetDependency */,
			);
			name = "MVP+SOLID+Unit_Tests+DITests";
			productName = "MVP+SOLID+Unit_Tests+DITests";
			productReference = 83041A332857F9650077D733 /* MVP+SOLID+Unit_Tests+DITests.xctest */;
			productType = "com.apple.product-type.bundle.unit-test";
		};
		83041A3C2857F9660077D733 /* MVP+SOLID+Unit_Tests+DIUITests */ = {
			isa = PBXNativeTarget;
			buildConfigurationList = 83041A4D2857F9660077D733 /* Build configuration list for PBXNativeTarget "MVP+SOLID+Unit_Tests+DIUITests" */;
			buildPhases = (
				83041A392857F9660077D733 /* Sources */,
				83041A3A2857F9660077D733 /* Frameworks */,
				83041A3B2857F9660077D733 /* Resources */,
			);
			buildRules = (
			);
			dependencies = (
				83041A3F2857F9660077D733 /* PBXTargetDependency */,
			);
			name = "MVP+SOLID+Unit_Tests+DIUITests";
			productName = "MVP+SOLID+Unit_Tests+DIUITests";
			productReference = 83041A3D2857F9660077D733 /* MVP+SOLID+Unit_Tests+DIUITests.xctest */;
			productType = "com.apple.product-type.bundle.ui-testing";
		};
/* End PBXNativeTarget section */

/* Begin PBXProject section */
		83041A152857F9630077D733 /* Project object */ = {
			isa = PBXProject;
			attributes = {
				BuildIndependentTargetsInParallel = 1;
				LastSwiftUpdateCheck = 1330;
				LastUpgradeCheck = 1330;
				TargetAttributes = {
					83041A1C2857F9630077D733 = {
						CreatedOnToolsVersion = 13.3.1;
					};
					83041A322857F9650077D733 = {
						CreatedOnToolsVersion = 13.3.1;
						TestTargetID = 83041A1C2857F9630077D733;
					};
					83041A3C2857F9660077D733 = {
						CreatedOnToolsVersion = 13.3.1;
						TestTargetID = 83041A1C2857F9630077D733;
					};
				};
			};
			buildConfigurationList = 83041A182857F9630077D733 /* Build configuration list for PBXProject "MVP+SOLID+Unit_Tests+DI" */;
			compatibilityVersion = "Xcode 13.0";
			developmentRegion = en;
			hasScannedForEncodings = 0;
			knownRegions = (
				en,
				Base,
			);
			mainGroup = 83041A142857F9630077D733;
			productRefGroup = 83041A1E2857F9630077D733 /* Products */;
			projectDirPath = "";
			projectRoot = "";
			targets = (
				83041A1C2857F9630077D733 /* MVP+SOLID+Unit_Tests+DI */,
				83041A322857F9650077D733 /* MVP+SOLID+Unit_Tests+DITests */,
				83041A3C2857F9660077D733 /* MVP+SOLID+Unit_Tests+DIUITests */,
			);
		};
/* End PBXProject section */

/* Begin PBXResourcesBuildPhase section */
		83041A1B2857F9630077D733 /* Resources */ = {
			isa = PBXResourcesBuildPhase;
			buildActionMask = 2147483647;
			files = (
				83041A2D2857F9650077D733 /* LaunchScreen.storyboard in Resources */,
				83C8378F285A874D00A8166B /* Main.storyboard in Resources */,
				83041A2A2857F9650077D733 /* Assets.xcassets in Resources */,
				83041A592858024C0077D733 /* MainViewController.xib in Resources */,
				8350CF7D2859D74300D9BF67 /* DetailView.xib in Resources */,
			);
			runOnlyForDeploymentPostprocessing = 0;
		};
		83041A312857F9650077D733 /* Resources */ = {
			isa = PBXResourcesBuildPhase;
			buildActionMask = 2147483647;
			files = (
			);
			runOnlyForDeploymentPostprocessing = 0;
		};
		83041A3B2857F9660077D733 /* Resources */ = {
			isa = PBXResourcesBuildPhase;
			buildActionMask = 2147483647;
			files = (
			);
			runOnlyForDeploymentPostprocessing = 0;
		};
/* End PBXResourcesBuildPhase section */

/* Begin PBXSourcesBuildPhase section */
		83041A192857F9630077D733 /* Sources */ = {
			isa = PBXSourcesBuildPhase;
			buildActionMask = 2147483647;
			files = (
				83041A542857FA260077D733 /* MainPresenter.swift in Sources */,
				8350CF7F2859D76600D9BF67 /* DetailViewController.swift in Sources */,
				83041A252857F9630077D733 /* MainViewController.swift in Sources */,
				83041A212857F9630077D733 /* AppDelegate.swift in Sources */,
				8350CF792859D4A500D9BF67 /* DetailPresenter.swift in Sources */,
				83041A512857F9BE0077D733 /* Comment.swift in Sources */,
				83041A232857F9630077D733 /* SceneDelegate.swift in Sources */,
				831F9FFB285AF5D500FCEAB7 /* RouterMain.swift in Sources */,
				83041A5B285803A90077D733 /* AssemblyModuleBuilder.swift in Sources */,
				8350CF7628597F8B00D9BF67 /* NetworkService.swift in Sources */,
			);
			runOnlyForDeploymentPostprocessing = 0;
		};
		83041A2F2857F9650077D733 /* Sources */ = {
			isa = PBXSourcesBuildPhase;
			buildActionMask = 2147483647;
			files = (
				83041A382857F9650077D733 /* MVP_SOLID_Unit_Tests_DITests.swift in Sources */,
				838F6CB428613FD500670048 /* RouterTest.swift in Sources */,
				83041A5D285809180077D733 /* MainPresenterTest.swift in Sources */,
			);
			runOnlyForDeploymentPostprocessing = 0;
		};
		83041A392857F9660077D733 /* Sources */ = {
			isa = PBXSourcesBuildPhase;
			buildActionMask = 2147483647;
			files = (
				83041A422857F9660077D733 /* MVP_SOLID_Unit_Tests_DIUITests.swift in Sources */,
				83041A442857F9660077D733 /* MVP_SOLID_Unit_Tests_DIUITestsLaunchTests.swift in Sources */,
			);
			runOnlyForDeploymentPostprocessing = 0;
		};
/* End PBXSourcesBuildPhase section */

/* Begin PBXTargetDependency section */
		83041A352857F9650077D733 /* PBXTargetDependency */ = {
			isa = PBXTargetDependency;
			target = 83041A1C2857F9630077D733 /* MVP+SOLID+Unit_Tests+DI */;
			targetProxy = 83041A342857F9650077D733 /* PBXContainerItemProxy */;
		};
		83041A3F2857F9660077D733 /* PBXTargetDependency */ = {
			isa = PBXTargetDependency;
			target = 83041A1C2857F9630077D733 /* MVP+SOLID+Unit_Tests+DI */;
			targetProxy = 83041A3E2857F9660077D733 /* PBXContainerItemProxy */;
		};
/* End PBXTargetDependency section */

/* Begin PBXVariantGroup section */
		83041A2B2857F9650077D733 /* LaunchScreen.storyboard */ = {
			isa = PBXVariantGroup;
			children = (
				83041A2C2857F9650077D733 /* Base */,
			);
			name = LaunchScreen.storyboard;
			sourceTree = "<group>";
		};
		83C8378D285A874D00A8166B /* Main.storyboard */ = {
			isa = PBXVariantGroup;
			children = (
				83C8378E285A874D00A8166B /* Base */,
			);
			name = Main.storyboard;
			sourceTree = "<group>";
		};
/* End PBXVariantGroup section */

/* Begin XCBuildConfiguration section */
		83041A452857F9660077D733 /* Debug */ = {
			isa = XCBuildConfiguration;
			buildSettings = {
				ALWAYS_SEARCH_USER_PATHS = NO;
				CLANG_ANALYZER_NONNULL = YES;
				CLANG_ANALYZER_NUMBER_OBJECT_CONVERSION = YES_AGGRESSIVE;
				CLANG_CXX_LANGUAGE_STANDARD = "gnu++17";
				CLANG_ENABLE_MODULES = YES;
				CLANG_ENABLE_OBJC_ARC = YES;
				CLANG_ENABLE_OBJC_WEAK = YES;
				CLANG_WARN_BLOCK_CAPTURE_AUTORELEASING = YES;
				CLANG_WARN_BOOL_CONVERSION = YES;
				CLANG_WARN_COMMA = YES;
				CLANG_WARN_CONSTANT_CONVERSION = YES;
				CLANG_WARN_DEPRECATED_OBJC_IMPLEMENTATIONS = YES;
				CLANG_WARN_DIRECT_OBJC_ISA_USAGE = YES_ERROR;
				CLANG_WARN_DOCUMENTATION_COMMENTS = YES;
				CLANG_WARN_EMPTY_BODY = YES;
				CLANG_WARN_ENUM_CONVERSION = YES;
				CLANG_WARN_INFINITE_RECURSION = YES;
				CLANG_WARN_INT_CONVERSION = YES;
				CLANG_WARN_NON_LITERAL_NULL_CONVERSION = YES;
				CLANG_WARN_OBJC_IMPLICIT_RETAIN_SELF = YES;
				CLANG_WARN_OBJC_LITERAL_CONVERSION = YES;
				CLANG_WARN_OBJC_ROOT_CLASS = YES_ERROR;
				CLANG_WARN_QUOTED_INCLUDE_IN_FRAMEWORK_HEADER = YES;
				CLANG_WARN_RANGE_LOOP_ANALYSIS = YES;
				CLANG_WARN_STRICT_PROTOTYPES = YES;
				CLANG_WARN_SUSPICIOUS_MOVE = YES;
				CLANG_WARN_UNGUARDED_AVAILABILITY = YES_AGGRESSIVE;
				CLANG_WARN_UNREACHABLE_CODE = YES;
				CLANG_WARN__DUPLICATE_METHOD_MATCH = YES;
				COPY_PHASE_STRIP = NO;
				DEBUG_INFORMATION_FORMAT = dwarf;
				ENABLE_STRICT_OBJC_MSGSEND = YES;
				ENABLE_TESTABILITY = YES;
				GCC_C_LANGUAGE_STANDARD = gnu11;
				GCC_DYNAMIC_NO_PIC = NO;
				GCC_NO_COMMON_BLOCKS = YES;
				GCC_OPTIMIZATION_LEVEL = 0;
				GCC_PREPROCESSOR_DEFINITIONS = (
					"DEBUG=1",
					"$(inherited)",
				);
				GCC_WARN_64_TO_32_BIT_CONVERSION = YES;
				GCC_WARN_ABOUT_RETURN_TYPE = YES_ERROR;
				GCC_WARN_UNDECLARED_SELECTOR = YES;
				GCC_WARN_UNINITIALIZED_AUTOS = YES_AGGRESSIVE;
				GCC_WARN_UNUSED_FUNCTION = YES;
				GCC_WARN_UNUSED_VARIABLE = YES;
				IPHONEOS_DEPLOYMENT_TARGET = 15.4;
				MTL_ENABLE_DEBUG_INFO = INCLUDE_SOURCE;
				MTL_FAST_MATH = YES;
				ONLY_ACTIVE_ARCH = YES;
				SDKROOT = iphoneos;
				SWIFT_ACTIVE_COMPILATION_CONDITIONS = DEBUG;
				SWIFT_OPTIMIZATION_LEVEL = "-Onone";
			};
			name = Debug;
		};
		83041A462857F9660077D733 /* Release */ = {
			isa = XCBuildConfiguration;
			buildSettings = {
				ALWAYS_SEARCH_USER_PATHS = NO;
				CLANG_ANALYZER_NONNULL = YES;
				CLANG_ANALYZER_NUMBER_OBJECT_CONVERSION = YES_AGGRESSIVE;
				CLANG_CXX_LANGUAGE_STANDARD = "gnu++17";
				CLANG_ENABLE_MODULES = YES;
				CLANG_ENABLE_OBJC_ARC = YES;
				CLANG_ENABLE_OBJC_WEAK = YES;
				CLANG_WARN_BLOCK_CAPTURE_AUTORELEASING = YES;
				CLANG_WARN_BOOL_CONVERSION = YES;
				CLANG_WARN_COMMA = YES;
				CLANG_WARN_CONSTANT_CONVERSION = YES;
				CLANG_WARN_DEPRECATED_OBJC_IMPLEMENTATIONS = YES;
				CLANG_WARN_DIRECT_OBJC_ISA_USAGE = YES_ERROR;
				CLANG_WARN_DOCUMENTATION_COMMENTS = YES;
				CLANG_WARN_EMPTY_BODY = YES;
				CLANG_WARN_ENUM_CONVERSION = YES;
				CLANG_WARN_INFINITE_RECURSION = YES;
				CLANG_WARN_INT_CONVERSION = YES;
				CLANG_WARN_NON_LITERAL_NULL_CONVERSION = YES;
				CLANG_WARN_OBJC_IMPLICIT_RETAIN_SELF = YES;
				CLANG_WARN_OBJC_LITERAL_CONVERSION = YES;
				CLANG_WARN_OBJC_ROOT_CLASS = YES_ERROR;
				CLANG_WARN_QUOTED_INCLUDE_IN_FRAMEWORK_HEADER = YES;
				CLANG_WARN_RANGE_LOOP_ANALYSIS = YES;
				CLANG_WARN_STRICT_PROTOTYPES = YES;
				CLANG_WARN_SUSPICIOUS_MOVE = YES;
				CLANG_WARN_UNGUARDED_AVAILABILITY = YES_AGGRESSIVE;
				CLANG_WARN_UNREACHABLE_CODE = YES;
				CLANG_WARN__DUPLICATE_METHOD_MATCH = YES;
				COPY_PHASE_STRIP = NO;
				DEBUG_INFORMATION_FORMAT = "dwarf-with-dsym";
				ENABLE_NS_ASSERTIONS = NO;
				ENABLE_STRICT_OBJC_MSGSEND = YES;
				GCC_C_LANGUAGE_STANDARD = gnu11;
				GCC_NO_COMMON_BLOCKS = YES;
				GCC_WARN_64_TO_32_BIT_CONVERSION = YES;
				GCC_WARN_ABOUT_RETURN_TYPE = YES_ERROR;
				GCC_WARN_UNDECLARED_SELECTOR = YES;
				GCC_WARN_UNINITIALIZED_AUTOS = YES_AGGRESSIVE;
				GCC_WARN_UNUSED_FUNCTION = YES;
				GCC_WARN_UNUSED_VARIABLE = YES;
				IPHONEOS_DEPLOYMENT_TARGET = 15.4;
				MTL_ENABLE_DEBUG_INFO = NO;
				MTL_FAST_MATH = YES;
				SDKROOT = iphoneos;
				SWIFT_COMPILATION_MODE = wholemodule;
				SWIFT_OPTIMIZATION_LEVEL = "-O";
				VALIDATE_PRODUCT = YES;
			};
			name = Release;
		};
		83041A482857F9660077D733 /* Debug */ = {
			isa = XCBuildConfiguration;
			buildSettings = {
				ASSETCATALOG_COMPILER_APPICON_NAME = AppIcon;
				ASSETCATALOG_COMPILER_GLOBAL_ACCENT_COLOR_NAME = AccentColor;
				CODE_SIGN_STYLE = Automatic;
				CURRENT_PROJECT_VERSION = 1;
				DEVELOPMENT_TEAM = NT3Q29257K;
				GENERATE_INFOPLIST_FILE = YES;
				INFOPLIST_FILE = "MVP+SOLID+Unit_Tests+DI/Info.plist";
				INFOPLIST_KEY_UIApplicationSupportsIndirectInputEvents = YES;
				INFOPLIST_KEY_UILaunchStoryboardName = LaunchScreen;
				INFOPLIST_KEY_UIMainStoryboardFile = Main;
				INFOPLIST_KEY_UISupportedInterfaceOrientations_iPad = "UIInterfaceOrientationPortrait UIInterfaceOrientationPortraitUpsideDown UIInterfaceOrientationLandscapeLeft UIInterfaceOrientationLandscapeRight";
				INFOPLIST_KEY_UISupportedInterfaceOrientations_iPhone = "UIInterfaceOrientationPortrait UIInterfaceOrientationLandscapeLeft UIInterfaceOrientationLandscapeRight";
				LD_RUNPATH_SEARCH_PATHS = (
					"$(inherited)",
					"@executable_path/Frameworks",
				);
				MARKETING_VERSION = 1.0;
				PRODUCT_BUNDLE_IDENTIFIER = "com.designLife.MVP-SOLID-Unit-Tests-DI";
				PRODUCT_NAME = "$(TARGET_NAME)";
				SWIFT_EMIT_LOC_STRINGS = YES;
				SWIFT_VERSION = 5.0;
				TARGETED_DEVICE_FAMILY = "1,2";
			};
			name = Debug;
		};
		83041A492857F9660077D733 /* Release */ = {
			isa = XCBuildConfiguration;
			buildSettings = {
				ASSETCATALOG_COMPILER_APPICON_NAME = AppIcon;
				ASSETCATALOG_COMPILER_GLOBAL_ACCENT_COLOR_NAME = AccentColor;
				CODE_SIGN_STYLE = Automatic;
				CURRENT_PROJECT_VERSION = 1;
				DEVELOPMENT_TEAM = NT3Q29257K;
				GENERATE_INFOPLIST_FILE = YES;
				INFOPLIST_FILE = "MVP+SOLID+Unit_Tests+DI/Info.plist";
				INFOPLIST_KEY_UIApplicationSupportsIndirectInputEvents = YES;
				INFOPLIST_KEY_UILaunchStoryboardName = LaunchScreen;
				INFOPLIST_KEY_UIMainStoryboardFile = Main;
				INFOPLIST_KEY_UISupportedInterfaceOrientations_iPad = "UIInterfaceOrientationPortrait UIInterfaceOrientationPortraitUpsideDown UIInterfaceOrientationLandscapeLeft UIInterfaceOrientationLandscapeRight";
				INFOPLIST_KEY_UISupportedInterfaceOrientations_iPhone = "UIInterfaceOrientationPortrait UIInterfaceOrientationLandscapeLeft UIInterfaceOrientationLandscapeRight";
				LD_RUNPATH_SEARCH_PATHS = (
					"$(inherited)",
					"@executable_path/Frameworks",
				);
				MARKETING_VERSION = 1.0;
				PRODUCT_BUNDLE_IDENTIFIER = "com.designLife.MVP-SOLID-Unit-Tests-DI";
				PRODUCT_NAME = "$(TARGET_NAME)";
				SWIFT_EMIT_LOC_STRINGS = YES;
				SWIFT_VERSION = 5.0;
				TARGETED_DEVICE_FAMILY = "1,2";
			};
			name = Release;
		};
		83041A4B2857F9660077D733 /* Debug */ = {
			isa = XCBuildConfiguration;
			buildSettings = {
				ALWAYS_EMBED_SWIFT_STANDARD_LIBRARIES = YES;
				BUNDLE_LOADER = "$(TEST_HOST)";
				CODE_SIGN_STYLE = Automatic;
				CURRENT_PROJECT_VERSION = 1;
				DEVELOPMENT_TEAM = NT3Q29257K;
				GENERATE_INFOPLIST_FILE = YES;
				IPHONEOS_DEPLOYMENT_TARGET = 15.4;
				MARKETING_VERSION = 1.0;
				PRODUCT_BUNDLE_IDENTIFIER = "com.designLife.MVP-SOLID-Unit-Tests-DITests";
				PRODUCT_NAME = "$(TARGET_NAME)";
				SWIFT_EMIT_LOC_STRINGS = NO;
				SWIFT_VERSION = 5.0;
				TARGETED_DEVICE_FAMILY = "1,2";
				TEST_HOST = "$(BUILT_PRODUCTS_DIR)/MVP+SOLID+Unit_Tests+DI.app/MVP+SOLID+Unit_Tests+DI";
			};
			name = Debug;
		};
		83041A4C2857F9660077D733 /* Release */ = {
			isa = XCBuildConfiguration;
			buildSettings = {
				ALWAYS_EMBED_SWIFT_STANDARD_LIBRARIES = YES;
				BUNDLE_LOADER = "$(TEST_HOST)";
				CODE_SIGN_STYLE = Automatic;
				CURRENT_PROJECT_VERSION = 1;
				DEVELOPMENT_TEAM = NT3Q29257K;
				GENERATE_INFOPLIST_FILE = YES;
				IPHONEOS_DEPLOYMENT_TARGET = 15.4;
				MARKETING_VERSION = 1.0;
				PRODUCT_BUNDLE_IDENTIFIER = "com.designLife.MVP-SOLID-Unit-Tests-DITests";
				PRODUCT_NAME = "$(TARGET_NAME)";
				SWIFT_EMIT_LOC_STRINGS = NO;
				SWIFT_VERSION = 5.0;
				TARGETED_DEVICE_FAMILY = "1,2";
				TEST_HOST = "$(BUILT_PRODUCTS_DIR)/MVP+SOLID+Unit_Tests+DI.app/MVP+SOLID+Unit_Tests+DI";
			};
			name = Release;
		};
		83041A4E2857F9660077D733 /* Debug */ = {
			isa = XCBuildConfiguration;
			buildSettings = {
				ALWAYS_EMBED_SWIFT_STANDARD_LIBRARIES = YES;
				CODE_SIGN_STYLE = Automatic;
				CURRENT_PROJECT_VERSION = 1;
				DEVELOPMENT_TEAM = NT3Q29257K;
				GENERATE_INFOPLIST_FILE = YES;
				MARKETING_VERSION = 1.0;
				PRODUCT_BUNDLE_IDENTIFIER = "com.designLife.MVP-SOLID-Unit-Tests-DIUITests";
				PRODUCT_NAME = "$(TARGET_NAME)";
				SWIFT_EMIT_LOC_STRINGS = NO;
				SWIFT_VERSION = 5.0;
				TARGETED_DEVICE_FAMILY = "1,2";
				TEST_TARGET_NAME = "MVP+SOLID+Unit_Tests+DI";
			};
			name = Debug;
		};
		83041A4F2857F9660077D733 /* Release */ = {
			isa = XCBuildConfiguration;
			buildSettings = {
				ALWAYS_EMBED_SWIFT_STANDARD_LIBRARIES = YES;
				CODE_SIGN_STYLE = Automatic;
				CURRENT_PROJECT_VERSION = 1;
				DEVELOPMENT_TEAM = NT3Q29257K;
				GENERATE_INFOPLIST_FILE = YES;
				MARKETING_VERSION = 1.0;
				PRODUCT_BUNDLE_IDENTIFIER = "com.designLife.MVP-SOLID-Unit-Tests-DIUITests";
				PRODUCT_NAME = "$(TARGET_NAME)";
				SWIFT_EMIT_LOC_STRINGS = NO;
				SWIFT_VERSION = 5.0;
				TARGETED_DEVICE_FAMILY = "1,2";
				TEST_TARGET_NAME = "MVP+SOLID+Unit_Tests+DI";
			};
			name = Release;
		};
/* End XCBuildConfiguration section */

/* Begin XCConfigurationList section */
		83041A182857F9630077D733 /* Build configuration list for PBXProject "MVP+SOLID+Unit_Tests+DI" */ = {
			isa = XCConfigurationList;
			buildConfigurations = (
				83041A452857F9660077D733 /* Debug */,
				83041A462857F9660077D733 /* Release */,
			);
			defaultConfigurationIsVisible = 0;
			defaultConfigurationName = Release;
		};
		83041A472857F9660077D733 /* Build configuration list for PBXNativeTarget "MVP+SOLID+Unit_Tests+DI" */ = {
			isa = XCConfigurationList;
			buildConfigurations = (
				83041A482857F9660077D733 /* Debug */,
				83041A492857F9660077D733 /* Release */,
			);
			defaultConfigurationIsVisible = 0;
			defaultConfigurationName = Release;
		};
		83041A4A2857F9660077D733 /* Build configuration list for PBXNativeTarget "MVP+SOLID+Unit_Tests+DITests" */ = {
			isa = XCConfigurationList;
			buildConfigurations = (
				83041A4B2857F9660077D733 /* Debug */,
				83041A4C2857F9660077D733 /* Release */,
			);
			defaultConfigurationIsVisible = 0;
			defaultConfigurationName = Release;
		};
		83041A4D2857F9660077D733 /* Build configuration list for PBXNativeTarget "MVP+SOLID+Unit_Tests+DIUITests" */ = {
			isa = XCConfigurationList;
			buildConfigurations = (
				83041A4E2857F9660077D733 /* Debug */,
				83041A4F2857F9660077D733 /* Release */,
			);
			defaultConfigurationIsVisible = 0;
			defaultConfigurationName = Release;
		};
/* End XCConfigurationList section */
	};
	rootObject = 83041A152857F9630077D733 /* Project object */;
}
